
Microsoft Visual Studio Solution File, Format Version 12.00
# Visual Studio Version 17
VisualStudioVersion = 17.7.34202.233
MinimumVisualStudioVersion = 10.0.40219.1
Project("{FAE04EC0-301F-11D3-BF4B-00C04F79EFBC}") = "Giaodien", "Giaodien.csproj", "{5BC8EC40-D3AC-42AE-8156-BD783F6A8B86}"
EndProject
Global
	GlobalSection(SolutionConfigurationPlatforms) = preSolution
		Debug|Any CPU = Debug|Any CPU
		Release|Any CPU = Release|Any CPU
	EndGlobalSection
	GlobalSection(ProjectConfigurationPlatforms) = postSolution
		{5BC8EC40-D3AC-42AE-8156-BD783F6A8B86}.Debug|Any CPU.ActiveCfg = Debug|Any CPU
		{5BC8EC40-D3AC-42AE-8156-BD783F6A8B86}.Debug|Any CPU.Build.0 = Debug|Any CPU
		{5BC8EC40-D3AC-42AE-8156-BD783F6A8B86}.Release|Any CPU.ActiveCfg = Release|Any CPU
		{5BC8EC40-D3AC-42AE-8156-BD783F6A8B86}.Release|Any CPU.Build.0 = Release|Any CPU
	EndGlobalSection
	GlobalSection(SolutionProperties) = preSolution
		HideSolutionNode = FALSE
	EndGlobalSection
	GlobalSection(ExtensibilityGlobals) = postSolution
		SolutionGuid = {2042EBE4-041F-4970-A718-DFA925BC2361}
	EndGlobalSection
EndGlobal
